
Microsoft Visual Studio Solution File, Format Version 12.00
# Visual Studio Version 17
VisualStudioVersion = 17.4.33205.214
MinimumVisualStudioVersion = 10.0.40219.1
Project("{9A19103F-16F7-4668-BE54-9A1E7A4F7556}") = "SnitchRhinoPlugin", "SnitchRhinoPlugin\SnitchRhinoPlugin.csproj", "{3469F56C-5218-480D-8A18-01C4D34BDC2E}"
EndProject
Project("{9A19103F-16F7-4668-BE54-9A1E7A4F7556}") = "SnitchGrasshopper", "SnitchGrasshopper\SnitchGrasshopper.csproj", "{D6B95667-A63F-433B-BA84-466A0E2E7B74}"
EndProject
Project("{FAE04EC0-301F-11D3-BF4B-00C04F79EFBC}") = "SnitchCommon", "SnitchCommon\SnitchCommon.csproj", "{64385D15-555F-405B-B928-C558080DC45B}"
EndProject
Project("{FAE04EC0-301F-11D3-BF4B-00C04F79EFBC}") = "SnitchTekla", "SnitchTekla\SnitchTekla.csproj", "{91311F19-8348-4227-BCC3-4103162D077C}"
EndProject
Global
	GlobalSection(SolutionConfigurationPlatforms) = preSolution
		Debug|Any CPU = Debug|Any CPU
		Release|Any CPU = Release|Any CPU
	EndGlobalSection
	GlobalSection(ProjectConfigurationPlatforms) = postSolution
		{3469F56C-5218-480D-8A18-01C4D34BDC2E}.Debug|Any CPU.ActiveCfg = Debug|Any CPU
		{3469F56C-5218-480D-8A18-01C4D34BDC2E}.Debug|Any CPU.Build.0 = Debug|Any CPU
		{3469F56C-5218-480D-8A18-01C4D34BDC2E}.Release|Any CPU.ActiveCfg = Release|Any CPU
		{3469F56C-5218-480D-8A18-01C4D34BDC2E}.Release|Any CPU.Build.0 = Release|Any CPU
		{D6B95667-A63F-433B-BA84-466A0E2E7B74}.Debug|Any CPU.ActiveCfg = Debug|Any CPU
		{D6B95667-A63F-433B-BA84-466A0E2E7B74}.Debug|Any CPU.Build.0 = Debug|Any CPU
		{D6B95667-A63F-433B-BA84-466A0E2E7B74}.Release|Any CPU.ActiveCfg = Release|Any CPU
		{D6B95667-A63F-433B-BA84-466A0E2E7B74}.Release|Any CPU.Build.0 = Release|Any CPU
		{64385D15-555F-405B-B928-C558080DC45B}.Debug|Any CPU.ActiveCfg = Debug|Any CPU
		{64385D15-555F-405B-B928-C558080DC45B}.Debug|Any CPU.Build.0 = Debug|Any CPU
		{64385D15-555F-405B-B928-C558080DC45B}.Release|Any CPU.ActiveCfg = Release|Any CPU
		{64385D15-555F-405B-B928-C558080DC45B}.Release|Any CPU.Build.0 = Release|Any CPU
		{91311F19-8348-4227-BCC3-4103162D077C}.Debug|Any CPU.ActiveCfg = Debug|Any CPU
		{91311F19-8348-4227-BCC3-4103162D077C}.Debug|Any CPU.Build.0 = Debug|Any CPU
		{91311F19-8348-4227-BCC3-4103162D077C}.Release|Any CPU.ActiveCfg = Release|Any CPU
		{91311F19-8348-4227-BCC3-4103162D077C}.Release|Any CPU.Build.0 = Release|Any CPU
	EndGlobalSection
	GlobalSection(SolutionProperties) = preSolution
		HideSolutionNode = FALSE
	EndGlobalSection
	GlobalSection(ExtensibilityGlobals) = postSolution
		SolutionGuid = {D8448A09-D639-47B2-9804-1C149945DDBD}
	EndGlobalSection
EndGlobal
