
Microsoft Visual Studio Solution File, Format Version 12.00
# Visual Studio Version 17
VisualStudioVersion = 17.4.33205.214
MinimumVisualStudioVersion = 10.0.40219.1
Project("{9A19103F-16F7-4668-BE54-9A1E7A4F7556}") = "SnitchGrasshopper", "SnitchGrasshopper\SnitchGrasshopper.csproj", "{D6B95667-A63F-433B-BA84-466A0E2E7B74}"
EndProject
Project("{FAE04EC0-301F-11D3-BF4B-00C04F79EFBC}") = "SnitchCommon", "SnitchCommon\SnitchCommon.csproj", "{64385D15-555F-405B-B928-C558080DC45B}"
EndProject
Project("{FAE04EC0-301F-11D3-BF4B-00C04F79EFBC}") = "SnitchTekla", "SnitchTekla\SnitchTekla.csproj", "{91311F19-8348-4227-BCC3-4103162D077C}"
EndProject
Project("{FAE04EC0-301F-11D3-BF4B-00C04F79EFBC}") = "ConsoleApp_testing_pooya", "ConsoleApp_testing_pooya\ConsoleApp_testing_pooya.csproj", "{8D820E63-AE1E-4027-BB8C-E118BC1F12C9}"
EndProject
Project("{FAE04EC0-301F-11D3-BF4B-00C04F79EFBC}") = "VoronoiExtension", "VoronoiExtension\VoronoiExtension.csproj", "{57078AB3-74B2-4B8E-8E4B-A825BD1C8D9F}"
EndProject
Project("{FAE04EC0-301F-11D3-BF4B-00C04F79EFBC}") = "SnitchIFC", "SnitchIFC\SnitchIFC.csproj", "{F90BB103-A674-478C-AB8C-E1E16550E557}"
EndProject
Project("{FAE04EC0-301F-11D3-BF4B-00C04F79EFBC}") = "SnitchRhinoTestProject", "SnitchRhinoTestProject\SnitchRhinoTestProject.csproj", "{44B930C7-45D8-462C-A295-85F2ACA3B79F}"
EndProject
Global
	GlobalSection(SolutionConfigurationPlatforms) = preSolution
		Debug|Any CPU = Debug|Any CPU
		Release|Any CPU = Release|Any CPU
	EndGlobalSection
	GlobalSection(ProjectConfigurationPlatforms) = postSolution
		{D6B95667-A63F-433B-BA84-466A0E2E7B74}.Debug|Any CPU.ActiveCfg = Debug|Any CPU
		{D6B95667-A63F-433B-BA84-466A0E2E7B74}.Debug|Any CPU.Build.0 = Debug|Any CPU
		{D6B95667-A63F-433B-BA84-466A0E2E7B74}.Release|Any CPU.ActiveCfg = Release|Any CPU
		{D6B95667-A63F-433B-BA84-466A0E2E7B74}.Release|Any CPU.Build.0 = Release|Any CPU
		{64385D15-555F-405B-B928-C558080DC45B}.Debug|Any CPU.ActiveCfg = Debug|Any CPU
		{64385D15-555F-405B-B928-C558080DC45B}.Debug|Any CPU.Build.0 = Debug|Any CPU
		{64385D15-555F-405B-B928-C558080DC45B}.Release|Any CPU.ActiveCfg = Release|Any CPU
		{64385D15-555F-405B-B928-C558080DC45B}.Release|Any CPU.Build.0 = Release|Any CPU
		{91311F19-8348-4227-BCC3-4103162D077C}.Debug|Any CPU.ActiveCfg = Debug|Any CPU
		{91311F19-8348-4227-BCC3-4103162D077C}.Debug|Any CPU.Build.0 = Debug|Any CPU
		{91311F19-8348-4227-BCC3-4103162D077C}.Release|Any CPU.ActiveCfg = Release|Any CPU
		{91311F19-8348-4227-BCC3-4103162D077C}.Release|Any CPU.Build.0 = Release|Any CPU
		{8D820E63-AE1E-4027-BB8C-E118BC1F12C9}.Debug|Any CPU.ActiveCfg = Debug|Any CPU
		{8D820E63-AE1E-4027-BB8C-E118BC1F12C9}.Debug|Any CPU.Build.0 = Debug|Any CPU
		{8D820E63-AE1E-4027-BB8C-E118BC1F12C9}.Release|Any CPU.ActiveCfg = Release|Any CPU
		{8D820E63-AE1E-4027-BB8C-E118BC1F12C9}.Release|Any CPU.Build.0 = Release|Any CPU
		{57078AB3-74B2-4B8E-8E4B-A825BD1C8D9F}.Debug|Any CPU.ActiveCfg = Debug|Any CPU
		{57078AB3-74B2-4B8E-8E4B-A825BD1C8D9F}.Debug|Any CPU.Build.0 = Debug|Any CPU
		{57078AB3-74B2-4B8E-8E4B-A825BD1C8D9F}.Release|Any CPU.ActiveCfg = Release|Any CPU
		{57078AB3-74B2-4B8E-8E4B-A825BD1C8D9F}.Release|Any CPU.Build.0 = Release|Any CPU
		{F90BB103-A674-478C-AB8C-E1E16550E557}.Debug|Any CPU.ActiveCfg = Debug|Any CPU
		{F90BB103-A674-478C-AB8C-E1E16550E557}.Debug|Any CPU.Build.0 = Debug|Any CPU
		{F90BB103-A674-478C-AB8C-E1E16550E557}.Release|Any CPU.ActiveCfg = Release|Any CPU
		{F90BB103-A674-478C-AB8C-E1E16550E557}.Release|Any CPU.Build.0 = Release|Any CPU
		{44B930C7-45D8-462C-A295-85F2ACA3B79F}.Debug|Any CPU.ActiveCfg = Debug|Any CPU
		{44B930C7-45D8-462C-A295-85F2ACA3B79F}.Debug|Any CPU.Build.0 = Debug|Any CPU
		{44B930C7-45D8-462C-A295-85F2ACA3B79F}.Release|Any CPU.ActiveCfg = Release|Any CPU
		{44B930C7-45D8-462C-A295-85F2ACA3B79F}.Release|Any CPU.Build.0 = Release|Any CPU
	EndGlobalSection
	GlobalSection(SolutionProperties) = preSolution
		HideSolutionNode = FALSE
	EndGlobalSection
	GlobalSection(ExtensibilityGlobals) = postSolution
		SolutionGuid = {D8448A09-D639-47B2-9804-1C149945DDBD}
	EndGlobalSection
EndGlobal
